
Microsoft Visual Studio Solution File, Format Version 12.00
# Visual Studio Version 16
VisualStudioVersion = 16.0.30711.63
MinimumVisualStudioVersion = 10.0.40219.1
Project("{FAE04EC0-301F-11D3-BF4B-00C04F79EFBC}") = "GildedRose.Application", "src\GildedRose.Console\GildedRose.Application.csproj", "{F2E879A9-7F1C-4C34-AB0D-2662F9815046}"
EndProject
Global
	GlobalSection(SolutionConfigurationPlatforms) = preSolution
		Debug|Any CPU = Debug|Any CPU
		Release|Any CPU = Release|Any CPU
	EndGlobalSection
	GlobalSection(ProjectConfigurationPlatforms) = postSolution
		{F2E879A9-7F1C-4C34-AB0D-2662F9815046}.Debug|Any CPU.ActiveCfg = Debug|Any CPU
		{F2E879A9-7F1C-4C34-AB0D-2662F9815046}.Debug|Any CPU.Build.0 = Debug|Any CPU
		{F2E879A9-7F1C-4C34-AB0D-2662F9815046}.Release|Any CPU.ActiveCfg = Release|Any CPU
		{F2E879A9-7F1C-4C34-AB0D-2662F9815046}.Release|Any CPU.Build.0 = Release|Any CPU
	EndGlobalSection
	GlobalSection(SolutionProperties) = preSolution
		HideSolutionNode = FALSE
	EndGlobalSection
	GlobalSection(ExtensibilityGlobals) = postSolution
		SolutionGuid = {24189B9F-7FB3-4961-A681-F0A55E483ABD}
	EndGlobalSection
EndGlobal
